
Microsoft Visual Studio Solution File, Format Version 12.00
# Visual Studio Version 17
VisualStudioVersion = 17.11.35312.102
MinimumVisualStudioVersion = 10.0.40219.1
Project("{FAE04EC0-301F-11D3-BF4B-00C04F79EFBC}") = "DetectarBorde", "DetectarBorde\DetectarBorde.csproj", "{AD4018C6-9587-450D-B325-71CE6496B937}"
EndProject
Global
	GlobalSection(SolutionConfigurationPlatforms) = preSolution
		Debug|Any CPU = Debug|Any CPU
		Release|Any CPU = Release|Any CPU
	EndGlobalSection
	GlobalSection(ProjectConfigurationPlatforms) = postSolution
		{AD4018C6-9587-450D-B325-71CE6496B937}.Debug|Any CPU.ActiveCfg = Debug|Any CPU
		{AD4018C6-9587-450D-B325-71CE6496B937}.Debug|Any CPU.Build.0 = Debug|Any CPU
		{AD4018C6-9587-450D-B325-71CE6496B937}.Release|Any CPU.ActiveCfg = Release|Any CPU
		{AD4018C6-9587-450D-B325-71CE6496B937}.Release|Any CPU.Build.0 = Release|Any CPU
	EndGlobalSection
	GlobalSection(SolutionProperties) = preSolution
		HideSolutionNode = FALSE
	EndGlobalSection
	GlobalSection(ExtensibilityGlobals) = postSolution
		SolutionGuid = {95ABBB8A-0C17-40FE-8821-4C2AC6746BFC}
	EndGlobalSection
EndGlobal
